
Microsoft Visual Studio Solution File, Format Version 12.00
# Visual Studio 15
VisualStudioVersion = 15.0.28307.902
MinimumVisualStudioVersion = 10.0.40219.1
Project("{2150E333-8FDC-42A3-9474-1A3956D46DE8}") = "Domain", "Domain", "{5887700E-1989-405F-81A4-A6AE2DB6B202}"
EndProject
Project("{2150E333-8FDC-42A3-9474-1A3956D46DE8}") = "Microservices", "Microservices", "{38105216-E828-4D2C-96A6-02BD03CC7F21}"
EndProject
Project("{2150E333-8FDC-42A3-9474-1A3956D46DE8}") = "Presentation", "Presentation", "{A196E9E9-D072-4C43-AC2E-69A1E43D338E}"
EndProject
Project("{2150E333-8FDC-42A3-9474-1A3956D46DE8}") = "Infra.Bus", "Infra.Bus", "{DFF7FCE2-8DB5-4726-BA34-7C154745626C}"
EndProject
Project("{2150E333-8FDC-42A3-9474-1A3956D46DE8}") = "Infra.IoC", "Infra.IoC", "{0E1ED98E-E874-413A-B100-1F3B38D19DE4}"
EndProject
Project("{9A19103F-16F7-4668-BE54-9A1E7A4F7556}") = "MicroRabbit.Domain.Core", "MicroRabbit.Domain.Core\MicroRabbit.Domain.Core.csproj", "{1274FFAC-3AC3-4BCA-BCD6-C34C136E2715}"
EndProject
Project("{9A19103F-16F7-4668-BE54-9A1E7A4F7556}") = "MicroRabbit.Infra.Bus", "MicroRabbit.Infra.Bus\MicroRabbit.Infra.Bus.csproj", "{1D0B24FC-A725-4D4D-8849-82F836F67BE1}"
EndProject
Project("{9A19103F-16F7-4668-BE54-9A1E7A4F7556}") = "MicroRabbit.Infra.IoC", "MicroRabbit.Infra.IoC\MicroRabbit.Infra.IoC.csproj", "{954DF35A-1DBD-4177-B706-DCB54BE08203}"
EndProject
Project("{2150E333-8FDC-42A3-9474-1A3956D46DE8}") = "Banking", "Banking", "{4F26CC95-3EA3-4310-A2DD-80B04BADB133}"
EndProject
Project("{2150E333-8FDC-42A3-9474-1A3956D46DE8}") = "Api", "Api", "{429C7316-2170-45B3-A91F-AB6D8B7F4F51}"
EndProject
Project("{2150E333-8FDC-42A3-9474-1A3956D46DE8}") = "Domain", "Domain", "{852210BD-3E5C-4D02-AE9A-F52B94B11DEF}"
EndProject
Project("{2150E333-8FDC-42A3-9474-1A3956D46DE8}") = "Application", "Application", "{5AD5E833-58DB-4514-AAA3-E89C1C238CD3}"
EndProject
Project("{2150E333-8FDC-42A3-9474-1A3956D46DE8}") = "Data", "Data", "{39F05936-1F33-4A16-9CC2-9BA80A137AAB}"
EndProject
Project("{9A19103F-16F7-4668-BE54-9A1E7A4F7556}") = "MicroRabbit.Banking.Application", "MicroRabbit.Banking.Application\MicroRabbit.Banking.Application.csproj", "{78755411-3C40-4720-A31E-10FA1F47BEBA}"
EndProject
Project("{9A19103F-16F7-4668-BE54-9A1E7A4F7556}") = "MicroRabbit.Banking.Data", "MicroRabbit.Banking.Data\MicroRabbit.Banking.Data.csproj", "{97ABD340-9455-47B1-9696-6600F0032B77}"
EndProject
Project("{9A19103F-16F7-4668-BE54-9A1E7A4F7556}") = "MicroRabbit.Banking.Domain", "MicroRabbit.Banking.Domain\MicroRabbit.Banking.Domain.csproj", "{56D5F45E-48A3-48C2-A38E-F5E91C0215CB}"
EndProject
Project("{9A19103F-16F7-4668-BE54-9A1E7A4F7556}") = "MicroRabbit.Banking.Api", "MicroRabbit.Banking.Api\MicroRabbit.Banking.Api.csproj", "{60719C3F-95F9-4310-887A-32891288C4A5}"
EndProject
Project("{2150E333-8FDC-42A3-9474-1A3956D46DE8}") = "Transfer", "Transfer", "{BA0AE361-CD5C-4EEC-92C7-59909239EC88}"
EndProject
Project("{2150E333-8FDC-42A3-9474-1A3956D46DE8}") = "Api", "Api", "{4D7D1329-6D50-484F-B0CF-4F3166CA29F4}"
EndProject
Project("{2150E333-8FDC-42A3-9474-1A3956D46DE8}") = "Application", "Application", "{2DBFC71F-B97F-44C9-B090-47D01F9939D5}"
EndProject
Project("{2150E333-8FDC-42A3-9474-1A3956D46DE8}") = "Data", "Data", "{8205F0F2-9627-4A6C-A7D0-089BB766ECA5}"
EndProject
Project("{2150E333-8FDC-42A3-9474-1A3956D46DE8}") = "Domain", "Domain", "{1932DC99-836D-482E-9EB9-F99BAEDF38A9}"
EndProject
Project("{FAE04EC0-301F-11D3-BF4B-00C04F79EFBC}") = "MicroRabbit.Transfer.Api", "MicroRabbit.Transfer.Api\MicroRabbit.Transfer.Api.csproj", "{9C6CAD59-79D3-4110-8E6B-CCABC99CD514}"
EndProject
Project("{FAE04EC0-301F-11D3-BF4B-00C04F79EFBC}") = "MicroRabbit.Transfer.Application", "MicroRabbit.Transfer.Application\MicroRabbit.Transfer.Application.csproj", "{6E6E070D-EB9B-4BA4-9A14-C69E280CA353}"
EndProject
Project("{FAE04EC0-301F-11D3-BF4B-00C04F79EFBC}") = "MicroRabbit.Transfer.Domain", "MicroRabbit.Transfer.Domain\MicroRabbit.Transfer.Domain.csproj", "{AEF154F4-1E2D-47EF-9246-6E5A66DAB368}"
EndProject
Project("{FAE04EC0-301F-11D3-BF4B-00C04F79EFBC}") = "MicroRabbit.Transfer.Data", "MicroRabbit.Transfer.Data\MicroRabbit.Transfer.Data.csproj", "{E6A3D293-4715-4952-8AB1-5F856BBDC54B}"
EndProject
Global
	GlobalSection(SolutionConfigurationPlatforms) = preSolution
		Debug|Any CPU = Debug|Any CPU
		Release|Any CPU = Release|Any CPU
	EndGlobalSection
	GlobalSection(ProjectConfigurationPlatforms) = postSolution
		{1274FFAC-3AC3-4BCA-BCD6-C34C136E2715}.Debug|Any CPU.ActiveCfg = Debug|Any CPU
		{1274FFAC-3AC3-4BCA-BCD6-C34C136E2715}.Debug|Any CPU.Build.0 = Debug|Any CPU
		{1274FFAC-3AC3-4BCA-BCD6-C34C136E2715}.Release|Any CPU.ActiveCfg = Release|Any CPU
		{1274FFAC-3AC3-4BCA-BCD6-C34C136E2715}.Release|Any CPU.Build.0 = Release|Any CPU
		{1D0B24FC-A725-4D4D-8849-82F836F67BE1}.Debug|Any CPU.ActiveCfg = Debug|Any CPU
		{1D0B24FC-A725-4D4D-8849-82F836F67BE1}.Debug|Any CPU.Build.0 = Debug|Any CPU
		{1D0B24FC-A725-4D4D-8849-82F836F67BE1}.Release|Any CPU.ActiveCfg = Release|Any CPU
		{1D0B24FC-A725-4D4D-8849-82F836F67BE1}.Release|Any CPU.Build.0 = Release|Any CPU
		{954DF35A-1DBD-4177-B706-DCB54BE08203}.Debug|Any CPU.ActiveCfg = Debug|Any CPU
		{954DF35A-1DBD-4177-B706-DCB54BE08203}.Debug|Any CPU.Build.0 = Debug|Any CPU
		{954DF35A-1DBD-4177-B706-DCB54BE08203}.Release|Any CPU.ActiveCfg = Release|Any CPU
		{954DF35A-1DBD-4177-B706-DCB54BE08203}.Release|Any CPU.Build.0 = Release|Any CPU
		{78755411-3C40-4720-A31E-10FA1F47BEBA}.Debug|Any CPU.ActiveCfg = Debug|Any CPU
		{78755411-3C40-4720-A31E-10FA1F47BEBA}.Debug|Any CPU.Build.0 = Debug|Any CPU
		{78755411-3C40-4720-A31E-10FA1F47BEBA}.Release|Any CPU.ActiveCfg = Release|Any CPU
		{78755411-3C40-4720-A31E-10FA1F47BEBA}.Release|Any CPU.Build.0 = Release|Any CPU
		{97ABD340-9455-47B1-9696-6600F0032B77}.Debug|Any CPU.ActiveCfg = Debug|Any CPU
		{97ABD340-9455-47B1-9696-6600F0032B77}.Debug|Any CPU.Build.0 = Debug|Any CPU
		{97ABD340-9455-47B1-9696-6600F0032B77}.Release|Any CPU.ActiveCfg = Release|Any CPU
		{97ABD340-9455-47B1-9696-6600F0032B77}.Release|Any CPU.Build.0 = Release|Any CPU
		{56D5F45E-48A3-48C2-A38E-F5E91C0215CB}.Debug|Any CPU.ActiveCfg = Debug|Any CPU
		{56D5F45E-48A3-48C2-A38E-F5E91C0215CB}.Debug|Any CPU.Build.0 = Debug|Any CPU
		{56D5F45E-48A3-48C2-A38E-F5E91C0215CB}.Release|Any CPU.ActiveCfg = Release|Any CPU
		{56D5F45E-48A3-48C2-A38E-F5E91C0215CB}.Release|Any CPU.Build.0 = Release|Any CPU
		{60719C3F-95F9-4310-887A-32891288C4A5}.Debug|Any CPU.ActiveCfg = Debug|Any CPU
		{60719C3F-95F9-4310-887A-32891288C4A5}.Debug|Any CPU.Build.0 = Debug|Any CPU
		{60719C3F-95F9-4310-887A-32891288C4A5}.Release|Any CPU.ActiveCfg = Release|Any CPU
		{60719C3F-95F9-4310-887A-32891288C4A5}.Release|Any CPU.Build.0 = Release|Any CPU
		{9C6CAD59-79D3-4110-8E6B-CCABC99CD514}.Debug|Any CPU.ActiveCfg = Debug|Any CPU
		{9C6CAD59-79D3-4110-8E6B-CCABC99CD514}.Debug|Any CPU.Build.0 = Debug|Any CPU
		{9C6CAD59-79D3-4110-8E6B-CCABC99CD514}.Release|Any CPU.ActiveCfg = Release|Any CPU
		{9C6CAD59-79D3-4110-8E6B-CCABC99CD514}.Release|Any CPU.Build.0 = Release|Any CPU
		{6E6E070D-EB9B-4BA4-9A14-C69E280CA353}.Debug|Any CPU.ActiveCfg = Debug|Any CPU
		{6E6E070D-EB9B-4BA4-9A14-C69E280CA353}.Debug|Any CPU.Build.0 = Debug|Any CPU
		{6E6E070D-EB9B-4BA4-9A14-C69E280CA353}.Release|Any CPU.ActiveCfg = Release|Any CPU
		{6E6E070D-EB9B-4BA4-9A14-C69E280CA353}.Release|Any CPU.Build.0 = Release|Any CPU
		{AEF154F4-1E2D-47EF-9246-6E5A66DAB368}.Debug|Any CPU.ActiveCfg = Debug|Any CPU
		{AEF154F4-1E2D-47EF-9246-6E5A66DAB368}.Debug|Any CPU.Build.0 = Debug|Any CPU
		{AEF154F4-1E2D-47EF-9246-6E5A66DAB368}.Release|Any CPU.ActiveCfg = Release|Any CPU
		{AEF154F4-1E2D-47EF-9246-6E5A66DAB368}.Release|Any CPU.Build.0 = Release|Any CPU
		{E6A3D293-4715-4952-8AB1-5F856BBDC54B}.Debug|Any CPU.ActiveCfg = Debug|Any CPU
		{E6A3D293-4715-4952-8AB1-5F856BBDC54B}.Debug|Any CPU.Build.0 = Debug|Any CPU
		{E6A3D293-4715-4952-8AB1-5F856BBDC54B}.Release|Any CPU.ActiveCfg = Release|Any CPU
		{E6A3D293-4715-4952-8AB1-5F856BBDC54B}.Release|Any CPU.Build.0 = Release|Any CPU
	EndGlobalSection
	GlobalSection(SolutionProperties) = preSolution
		HideSolutionNode = FALSE
	EndGlobalSection
	GlobalSection(NestedProjects) = preSolution
		{1274FFAC-3AC3-4BCA-BCD6-C34C136E2715} = {5887700E-1989-405F-81A4-A6AE2DB6B202}
		{1D0B24FC-A725-4D4D-8849-82F836F67BE1} = {DFF7FCE2-8DB5-4726-BA34-7C154745626C}
		{954DF35A-1DBD-4177-B706-DCB54BE08203} = {0E1ED98E-E874-413A-B100-1F3B38D19DE4}
		{4F26CC95-3EA3-4310-A2DD-80B04BADB133} = {38105216-E828-4D2C-96A6-02BD03CC7F21}
		{429C7316-2170-45B3-A91F-AB6D8B7F4F51} = {4F26CC95-3EA3-4310-A2DD-80B04BADB133}
		{852210BD-3E5C-4D02-AE9A-F52B94B11DEF} = {4F26CC95-3EA3-4310-A2DD-80B04BADB133}
		{5AD5E833-58DB-4514-AAA3-E89C1C238CD3} = {4F26CC95-3EA3-4310-A2DD-80B04BADB133}
		{39F05936-1F33-4A16-9CC2-9BA80A137AAB} = {4F26CC95-3EA3-4310-A2DD-80B04BADB133}
		{78755411-3C40-4720-A31E-10FA1F47BEBA} = {5AD5E833-58DB-4514-AAA3-E89C1C238CD3}
		{97ABD340-9455-47B1-9696-6600F0032B77} = {39F05936-1F33-4A16-9CC2-9BA80A137AAB}
		{56D5F45E-48A3-48C2-A38E-F5E91C0215CB} = {852210BD-3E5C-4D02-AE9A-F52B94B11DEF}
		{60719C3F-95F9-4310-887A-32891288C4A5} = {429C7316-2170-45B3-A91F-AB6D8B7F4F51}
		{BA0AE361-CD5C-4EEC-92C7-59909239EC88} = {38105216-E828-4D2C-96A6-02BD03CC7F21}
		{4D7D1329-6D50-484F-B0CF-4F3166CA29F4} = {BA0AE361-CD5C-4EEC-92C7-59909239EC88}
		{2DBFC71F-B97F-44C9-B090-47D01F9939D5} = {BA0AE361-CD5C-4EEC-92C7-59909239EC88}
		{8205F0F2-9627-4A6C-A7D0-089BB766ECA5} = {BA0AE361-CD5C-4EEC-92C7-59909239EC88}
		{1932DC99-836D-482E-9EB9-F99BAEDF38A9} = {BA0AE361-CD5C-4EEC-92C7-59909239EC88}
		{9C6CAD59-79D3-4110-8E6B-CCABC99CD514} = {4D7D1329-6D50-484F-B0CF-4F3166CA29F4}
		{6E6E070D-EB9B-4BA4-9A14-C69E280CA353} = {2DBFC71F-B97F-44C9-B090-47D01F9939D5}
		{AEF154F4-1E2D-47EF-9246-6E5A66DAB368} = {1932DC99-836D-482E-9EB9-F99BAEDF38A9}
		{E6A3D293-4715-4952-8AB1-5F856BBDC54B} = {8205F0F2-9627-4A6C-A7D0-089BB766ECA5}
	EndGlobalSection
	GlobalSection(ExtensibilityGlobals) = postSolution
		SolutionGuid = {74B498BC-73CF-4253-9A65-6EC5D77711E6}
	EndGlobalSection
EndGlobal
